
Microsoft Visual Studio Solution File, Format Version 12.00
# Visual Studio Version 16
VisualStudioVersion = 16.0.31410.357
MinimumVisualStudioVersion = 10.0.40219.1
Project("{2150E333-8FDC-42A3-9474-1A3956D46DE8}") = "Web", "Web", "{C0C5CF05-ACF2-48DE-B3A9-8E773FF4E58C}"
EndProject
Project("{2150E333-8FDC-42A3-9474-1A3956D46DE8}") = "Desktop", "Desktop", "{64CF4465-CB36-4BFE-8267-C174BCF0832A}"
EndProject
Project("{9A19103F-16F7-4668-BE54-9A1E7A4F7556}") = "Cdln.School.People.Blazor", "Cdln.School.People.Blazor\Cdln.School.People.Blazor.csproj", "{795A499D-B6D7-4BE6-9889-17992C8FD0CE}"
EndProject
Project("{FAE04EC0-301F-11D3-BF4B-00C04F79EFBC}") = "Cdln.School.People.Uwp", "Cdln.School.People.Uwp\Cdln.School.People.Uwp.csproj", "{279A817C-4FF3-44A5-87CE-A82704C63EF8}"
EndProject
Project("{2150E333-8FDC-42A3-9474-1A3956D46DE8}") = "Mobile", "Mobile", "{1ABAFF5B-DAC5-47FC-A860-D4CB2CCC150D}"
EndProject
Project("{FAE04EC0-301F-11D3-BF4B-00C04F79EFBC}") = "Cdln.School.People.Xamarin.Android", "Cdln.School.People.Xamarin.Android\Cdln.School.People.Xamarin.Android.csproj", "{60D924B0-D8CB-4964-A9B3-C56954C47454}"
EndProject
Project("{FAE04EC0-301F-11D3-BF4B-00C04F79EFBC}") = "School.People.Uwp.Controls", "School.People.Uwp.Controls\School.People.Uwp.Controls.csproj", "{B2A5F284-2D64-460E-A5FE-87F88225135A}"
EndProject
Global
	GlobalSection(SolutionConfigurationPlatforms) = preSolution
		Debug|Any CPU = Debug|Any CPU
		Debug|ARM = Debug|ARM
		Debug|ARM64 = Debug|ARM64
		Debug|x64 = Debug|x64
		Debug|x86 = Debug|x86
		Release|Any CPU = Release|Any CPU
		Release|ARM = Release|ARM
		Release|ARM64 = Release|ARM64
		Release|x64 = Release|x64
		Release|x86 = Release|x86
	EndGlobalSection
	GlobalSection(ProjectConfigurationPlatforms) = postSolution
		{795A499D-B6D7-4BE6-9889-17992C8FD0CE}.Debug|Any CPU.ActiveCfg = Debug|Any CPU
		{795A499D-B6D7-4BE6-9889-17992C8FD0CE}.Debug|Any CPU.Build.0 = Debug|Any CPU
		{795A499D-B6D7-4BE6-9889-17992C8FD0CE}.Debug|ARM.ActiveCfg = Debug|Any CPU
		{795A499D-B6D7-4BE6-9889-17992C8FD0CE}.Debug|ARM.Build.0 = Debug|Any CPU
		{795A499D-B6D7-4BE6-9889-17992C8FD0CE}.Debug|ARM64.ActiveCfg = Debug|Any CPU
		{795A499D-B6D7-4BE6-9889-17992C8FD0CE}.Debug|ARM64.Build.0 = Debug|Any CPU
		{795A499D-B6D7-4BE6-9889-17992C8FD0CE}.Debug|x64.ActiveCfg = Debug|Any CPU
		{795A499D-B6D7-4BE6-9889-17992C8FD0CE}.Debug|x64.Build.0 = Debug|Any CPU
		{795A499D-B6D7-4BE6-9889-17992C8FD0CE}.Debug|x86.ActiveCfg = Debug|Any CPU
		{795A499D-B6D7-4BE6-9889-17992C8FD0CE}.Debug|x86.Build.0 = Debug|Any CPU
		{795A499D-B6D7-4BE6-9889-17992C8FD0CE}.Release|Any CPU.ActiveCfg = Release|Any CPU
		{795A499D-B6D7-4BE6-9889-17992C8FD0CE}.Release|Any CPU.Build.0 = Release|Any CPU
		{795A499D-B6D7-4BE6-9889-17992C8FD0CE}.Release|ARM.ActiveCfg = Release|Any CPU
		{795A499D-B6D7-4BE6-9889-17992C8FD0CE}.Release|ARM.Build.0 = Release|Any CPU
		{795A499D-B6D7-4BE6-9889-17992C8FD0CE}.Release|ARM64.ActiveCfg = Release|Any CPU
		{795A499D-B6D7-4BE6-9889-17992C8FD0CE}.Release|ARM64.Build.0 = Release|Any CPU
		{795A499D-B6D7-4BE6-9889-17992C8FD0CE}.Release|x64.ActiveCfg = Release|Any CPU
		{795A499D-B6D7-4BE6-9889-17992C8FD0CE}.Release|x64.Build.0 = Release|Any CPU
		{795A499D-B6D7-4BE6-9889-17992C8FD0CE}.Release|x86.ActiveCfg = Release|Any CPU
		{795A499D-B6D7-4BE6-9889-17992C8FD0CE}.Release|x86.Build.0 = Release|Any CPU
		{279A817C-4FF3-44A5-87CE-A82704C63EF8}.Debug|Any CPU.ActiveCfg = Debug|x86
		{279A817C-4FF3-44A5-87CE-A82704C63EF8}.Debug|ARM.ActiveCfg = Debug|ARM
		{279A817C-4FF3-44A5-87CE-A82704C63EF8}.Debug|ARM.Build.0 = Debug|ARM
		{279A817C-4FF3-44A5-87CE-A82704C63EF8}.Debug|ARM.Deploy.0 = Debug|ARM
		{279A817C-4FF3-44A5-87CE-A82704C63EF8}.Debug|ARM64.ActiveCfg = Debug|ARM64
		{279A817C-4FF3-44A5-87CE-A82704C63EF8}.Debug|ARM64.Build.0 = Debug|ARM64
		{279A817C-4FF3-44A5-87CE-A82704C63EF8}.Debug|ARM64.Deploy.0 = Debug|ARM64
		{279A817C-4FF3-44A5-87CE-A82704C63EF8}.Debug|x64.ActiveCfg = Debug|x64
		{279A817C-4FF3-44A5-87CE-A82704C63EF8}.Debug|x64.Build.0 = Debug|x64
		{279A817C-4FF3-44A5-87CE-A82704C63EF8}.Debug|x64.Deploy.0 = Debug|x64
		{279A817C-4FF3-44A5-87CE-A82704C63EF8}.Debug|x86.ActiveCfg = Debug|x86
		{279A817C-4FF3-44A5-87CE-A82704C63EF8}.Debug|x86.Build.0 = Debug|x86
		{279A817C-4FF3-44A5-87CE-A82704C63EF8}.Debug|x86.Deploy.0 = Debug|x86
		{279A817C-4FF3-44A5-87CE-A82704C63EF8}.Release|Any CPU.ActiveCfg = Release|x86
		{279A817C-4FF3-44A5-87CE-A82704C63EF8}.Release|ARM.ActiveCfg = Release|ARM
		{279A817C-4FF3-44A5-87CE-A82704C63EF8}.Release|ARM.Build.0 = Release|ARM
		{279A817C-4FF3-44A5-87CE-A82704C63EF8}.Release|ARM.Deploy.0 = Release|ARM
		{279A817C-4FF3-44A5-87CE-A82704C63EF8}.Release|ARM64.ActiveCfg = Release|ARM64
		{279A817C-4FF3-44A5-87CE-A82704C63EF8}.Release|ARM64.Build.0 = Release|ARM64
		{279A817C-4FF3-44A5-87CE-A82704C63EF8}.Release|ARM64.Deploy.0 = Release|ARM64
		{279A817C-4FF3-44A5-87CE-A82704C63EF8}.Release|x64.ActiveCfg = Release|x64
		{279A817C-4FF3-44A5-87CE-A82704C63EF8}.Release|x64.Build.0 = Release|x64
		{279A817C-4FF3-44A5-87CE-A82704C63EF8}.Release|x64.Deploy.0 = Release|x64
		{279A817C-4FF3-44A5-87CE-A82704C63EF8}.Release|x86.ActiveCfg = Release|x86
		{279A817C-4FF3-44A5-87CE-A82704C63EF8}.Release|x86.Build.0 = Release|x86
		{279A817C-4FF3-44A5-87CE-A82704C63EF8}.Release|x86.Deploy.0 = Release|x86
		{60D924B0-D8CB-4964-A9B3-C56954C47454}.Debug|Any CPU.ActiveCfg = Debug|Any CPU
		{60D924B0-D8CB-4964-A9B3-C56954C47454}.Debug|Any CPU.Build.0 = Debug|Any CPU
		{60D924B0-D8CB-4964-A9B3-C56954C47454}.Debug|Any CPU.Deploy.0 = Debug|Any CPU
		{60D924B0-D8CB-4964-A9B3-C56954C47454}.Debug|ARM.ActiveCfg = Debug|Any CPU
		{60D924B0-D8CB-4964-A9B3-C56954C47454}.Debug|ARM.Build.0 = Debug|Any CPU
		{60D924B0-D8CB-4964-A9B3-C56954C47454}.Debug|ARM.Deploy.0 = Debug|Any CPU
		{60D924B0-D8CB-4964-A9B3-C56954C47454}.Debug|ARM64.ActiveCfg = Debug|Any CPU
		{60D924B0-D8CB-4964-A9B3-C56954C47454}.Debug|ARM64.Build.0 = Debug|Any CPU
		{60D924B0-D8CB-4964-A9B3-C56954C47454}.Debug|ARM64.Deploy.0 = Debug|Any CPU
		{60D924B0-D8CB-4964-A9B3-C56954C47454}.Debug|x64.ActiveCfg = Debug|Any CPU
		{60D924B0-D8CB-4964-A9B3-C56954C47454}.Debug|x64.Build.0 = Debug|Any CPU
		{60D924B0-D8CB-4964-A9B3-C56954C47454}.Debug|x64.Deploy.0 = Debug|Any CPU
		{60D924B0-D8CB-4964-A9B3-C56954C47454}.Debug|x86.ActiveCfg = Debug|Any CPU
		{60D924B0-D8CB-4964-A9B3-C56954C47454}.Debug|x86.Build.0 = Debug|Any CPU
		{60D924B0-D8CB-4964-A9B3-C56954C47454}.Debug|x86.Deploy.0 = Debug|Any CPU
		{60D924B0-D8CB-4964-A9B3-C56954C47454}.Release|Any CPU.ActiveCfg = Release|Any CPU
		{60D924B0-D8CB-4964-A9B3-C56954C47454}.Release|Any CPU.Build.0 = Release|Any CPU
		{60D924B0-D8CB-4964-A9B3-C56954C47454}.Release|Any CPU.Deploy.0 = Release|Any CPU
		{60D924B0-D8CB-4964-A9B3-C56954C47454}.Release|ARM.ActiveCfg = Release|Any CPU
		{60D924B0-D8CB-4964-A9B3-C56954C47454}.Release|ARM.Build.0 = Release|Any CPU
		{60D924B0-D8CB-4964-A9B3-C56954C47454}.Release|ARM.Deploy.0 = Release|Any CPU
		{60D924B0-D8CB-4964-A9B3-C56954C47454}.Release|ARM64.ActiveCfg = Release|Any CPU
		{60D924B0-D8CB-4964-A9B3-C56954C47454}.Release|ARM64.Build.0 = Release|Any CPU
		{60D924B0-D8CB-4964-A9B3-C56954C47454}.Release|ARM64.Deploy.0 = Release|Any CPU
		{60D924B0-D8CB-4964-A9B3-C56954C47454}.Release|x64.ActiveCfg = Release|Any CPU
		{60D924B0-D8CB-4964-A9B3-C56954C47454}.Release|x64.Build.0 = Release|Any CPU
		{60D924B0-D8CB-4964-A9B3-C56954C47454}.Release|x64.Deploy.0 = Release|Any CPU
		{60D924B0-D8CB-4964-A9B3-C56954C47454}.Release|x86.ActiveCfg = Release|Any CPU
		{60D924B0-D8CB-4964-A9B3-C56954C47454}.Release|x86.Build.0 = Release|Any CPU
		{60D924B0-D8CB-4964-A9B3-C56954C47454}.Release|x86.Deploy.0 = Release|Any CPU
		{B2A5F284-2D64-460E-A5FE-87F88225135A}.Debug|Any CPU.ActiveCfg = Debug|Any CPU
		{B2A5F284-2D64-460E-A5FE-87F88225135A}.Debug|Any CPU.Build.0 = Debug|Any CPU
		{B2A5F284-2D64-460E-A5FE-87F88225135A}.Debug|ARM.ActiveCfg = Debug|ARM
		{B2A5F284-2D64-460E-A5FE-87F88225135A}.Debug|ARM.Build.0 = Debug|ARM
		{B2A5F284-2D64-460E-A5FE-87F88225135A}.Debug|ARM64.ActiveCfg = Debug|ARM64
		{B2A5F284-2D64-460E-A5FE-87F88225135A}.Debug|ARM64.Build.0 = Debug|ARM64
		{B2A5F284-2D64-460E-A5FE-87F88225135A}.Debug|x64.ActiveCfg = Debug|x64
		{B2A5F284-2D64-460E-A5FE-87F88225135A}.Debug|x64.Build.0 = Debug|x64
		{B2A5F284-2D64-460E-A5FE-87F88225135A}.Debug|x86.ActiveCfg = Debug|x86
		{B2A5F284-2D64-460E-A5FE-87F88225135A}.Debug|x86.Build.0 = Debug|x86
		{B2A5F284-2D64-460E-A5FE-87F88225135A}.Release|Any CPU.ActiveCfg = Release|Any CPU
		{B2A5F284-2D64-460E-A5FE-87F88225135A}.Release|Any CPU.Build.0 = Release|Any CPU
		{B2A5F284-2D64-460E-A5FE-87F88225135A}.Release|ARM.ActiveCfg = Release|ARM
		{B2A5F284-2D64-460E-A5FE-87F88225135A}.Release|ARM.Build.0 = Release|ARM
		{B2A5F284-2D64-460E-A5FE-87F88225135A}.Release|ARM64.ActiveCfg = Release|ARM64
		{B2A5F284-2D64-460E-A5FE-87F88225135A}.Release|ARM64.Build.0 = Release|ARM64
		{B2A5F284-2D64-460E-A5FE-87F88225135A}.Release|x64.ActiveCfg = Release|x64
		{B2A5F284-2D64-460E-A5FE-87F88225135A}.Release|x64.Build.0 = Release|x64
		{B2A5F284-2D64-460E-A5FE-87F88225135A}.Release|x86.ActiveCfg = Release|x86
		{B2A5F284-2D64-460E-A5FE-87F88225135A}.Release|x86.Build.0 = Release|x86
	EndGlobalSection
	GlobalSection(SolutionProperties) = preSolution
		HideSolutionNode = FALSE
	EndGlobalSection
	GlobalSection(NestedProjects) = preSolution
		{795A499D-B6D7-4BE6-9889-17992C8FD0CE} = {C0C5CF05-ACF2-48DE-B3A9-8E773FF4E58C}
		{279A817C-4FF3-44A5-87CE-A82704C63EF8} = {64CF4465-CB36-4BFE-8267-C174BCF0832A}
		{60D924B0-D8CB-4964-A9B3-C56954C47454} = {1ABAFF5B-DAC5-47FC-A860-D4CB2CCC150D}
		{B2A5F284-2D64-460E-A5FE-87F88225135A} = {64CF4465-CB36-4BFE-8267-C174BCF0832A}
	EndGlobalSection
	GlobalSection(ExtensibilityGlobals) = postSolution
		SolutionGuid = {55532D47-05C0-48FA-B284-FCFEF3919270}
	EndGlobalSection
EndGlobal
